{
  "lockfileVersion": 1,
  "workspaces": {
    "": {
      "devDependencies": {
        "lightningcss": "^1.24.1",
        "purgecss": "^5.0.0",
      },
    },
  },
  "packages": {
    "balanced-match": ["balanced-match@1.0.2", "", {}, "sha512-3oSeUO0TMV67hN1AmbXsK4yaqU7tjiHlbxRDZOpH0KW9+CeX4bRAaX0Anxt0tx2MrpRpWwQaPwIlISEJhYU5Pw=="],

    "brace-expansion": ["brace-expansion@2.0.1", "", { "dependencies": { "balanced-match": "^1.0.0" } }, "sha512-XnAIvQ8eM+kC6aULx6wuQiwVsnzsi9d3WxzV3FpWTGA19F621kwdbsAcFKXgKUHZWsy+mY6iL1sHTxWEFCytDA=="],

    "commander": ["commander@9.5.0", "", {}, "sha512-KRs7WVDKg86PWiuAqhDrAQnTXZKraVcCc6vFdL14qrZ/DcWwuRo7VoiYXalXO7S5GKpqYiVEwCbgFDfxNHKJBQ=="],

    "cssesc": ["cssesc@3.0.0", "", { "bin": { "cssesc": "bin/cssesc" } }, "sha512-/Tb/JcjK111nNScGob5MNtsntNM1aCNUDipB/TkwZFhyDrrE47SOx/18wF2bbjgc3ZzCSKW1T5nt5EbFoAz/Vg=="],

    "detect-libc": ["detect-libc@1.0.3", "", { "bin": { "detect-libc": "./bin/detect-libc.js" } }, "sha512-pGjwhsmsp4kL2RTz08wcOlGN83otlqHeD/Z5T8GXZB+/YcpQ/dgo+lbU8ZsGxV0HIvqqxo9l7mqYwyYMD9bKDg=="],

    "fs.realpath": ["fs.realpath@1.0.0", "", {}, "sha512-OO0pH2lK6a0hZnAdau5ItzHPI6pUlvI7jMVnxUQRtw4owF2wk8lOSabtGDCTP4Ggrg2MbGnWO9X8K1t4+fGMDw=="],

    "glob": ["glob@8.1.0", "", { "dependencies": { "fs.realpath": "^1.0.0", "inflight": "^1.0.4", "inherits": "2", "minimatch": "^5.0.1", "once": "^1.3.0" } }, "sha512-r8hpEjiQEYlF2QU0df3dS+nxxSIreXQS1qRhMJM0Q5NDdR386C7jb7Hwwod8Fgiuex+k0GFjgft18yvxm5XoCQ=="],

    "inflight": ["inflight@1.0.6", "", { "dependencies": { "once": "^1.3.0", "wrappy": "1" } }, "sha512-k92I/b08q4wvFscXCLvqfsHCrjrF7yiXsQuIVvVE7N82W3+aqpzuUdBbfhWcy/FZR3/4IgflMgKLOsvPDrGCJA=="],

    "inherits": ["inherits@2.0.4", "", {}, "sha512-k/vGaX4/Yla3WzyMCvTQOXYeIHvqOKtnqBduzTHpzpQZzAskKMhZ2K+EnBiSM9zGSoIFeMpXKxa4dYeZIQqewQ=="],

    "lightningcss": ["lightningcss@1.29.1", "", { "dependencies": { "detect-libc": "^1.0.3" }, "optionalDependencies": { "lightningcss-darwin-arm64": "1.29.1", "lightningcss-darwin-x64": "1.29.1", "lightningcss-freebsd-x64": "1.29.1", "lightningcss-linux-arm-gnueabihf": "1.29.1", "lightningcss-linux-arm64-gnu": "1.29.1", "lightningcss-linux-arm64-musl": "1.29.1", "lightningcss-linux-x64-gnu": "1.29.1", "lightningcss-linux-x64-musl": "1.29.1", "lightningcss-win32-arm64-msvc": "1.29.1", "lightningcss-win32-x64-msvc": "1.29.1" } }, "sha512-FmGoeD4S05ewj+AkhTY+D+myDvXI6eL27FjHIjoyUkO/uw7WZD1fBVs0QxeYWa7E17CUHJaYX/RUGISCtcrG4Q=="],

    "lightningcss-darwin-arm64": ["lightningcss-darwin-arm64@1.29.1", "", { "os": "darwin", "cpu": "arm64" }, "sha512-HtR5XJ5A0lvCqYAoSv2QdZZyoHNttBpa5EP9aNuzBQeKGfbyH5+UipLWvVzpP4Uml5ej4BYs5I9Lco9u1fECqw=="],

    "lightningcss-darwin-x64": ["lightningcss-darwin-x64@1.29.1", "", { "os": "darwin", "cpu": "x64" }, "sha512-k33G9IzKUpHy/J/3+9MCO4e+PzaFblsgBjSGlpAaFikeBFm8B/CkO3cKU9oI4g+fjS2KlkLM/Bza9K/aw8wsNA=="],

    "lightningcss-freebsd-x64": ["lightningcss-freebsd-x64@1.29.1", "", { "os": "freebsd", "cpu": "x64" }, "sha512-0SUW22fv/8kln2LnIdOCmSuXnxgxVC276W5KLTwoehiO0hxkacBxjHOL5EtHD8BAXg2BvuhsJPmVMasvby3LiQ=="],

    "lightningcss-linux-arm-gnueabihf": ["lightningcss-linux-arm-gnueabihf@1.29.1", "", { "os": "linux", "cpu": "arm" }, "sha512-sD32pFvlR0kDlqsOZmYqH/68SqUMPNj+0pucGxToXZi4XZgZmqeX/NkxNKCPsswAXU3UeYgDSpGhu05eAufjDg=="],

    "lightningcss-linux-arm64-gnu": ["lightningcss-linux-arm64-gnu@1.29.1", "", { "os": "linux", "cpu": "arm64" }, "sha512-0+vClRIZ6mmJl/dxGuRsE197o1HDEeeRk6nzycSy2GofC2JsY4ifCRnvUWf/CUBQmlrvMzt6SMQNMSEu22csWQ=="],

    "lightningcss-linux-arm64-musl": ["lightningcss-linux-arm64-musl@1.29.1", "", { "os": "linux", "cpu": "arm64" }, "sha512-UKMFrG4rL/uHNgelBsDwJcBqVpzNJbzsKkbI3Ja5fg00sgQnHw/VrzUTEc4jhZ+AN2BvQYz/tkHu4vt1kLuJyw=="],

    "lightningcss-linux-x64-gnu": ["lightningcss-linux-x64-gnu@1.29.1", "", { "os": "linux", "cpu": "x64" }, "sha512-u1S+xdODy/eEtjADqirA774y3jLcm8RPtYztwReEXoZKdzgsHYPl0s5V52Tst+GKzqjebkULT86XMSxejzfISw=="],

    "lightningcss-linux-x64-musl": ["lightningcss-linux-x64-musl@1.29.1", "", { "os": "linux", "cpu": "x64" }, "sha512-L0Tx0DtaNUTzXv0lbGCLB/c/qEADanHbu4QdcNOXLIe1i8i22rZRpbT3gpWYsCh9aSL9zFujY/WmEXIatWvXbw=="],

    "lightningcss-win32-arm64-msvc": ["lightningcss-win32-arm64-msvc@1.29.1", "", { "os": "win32", "cpu": "arm64" }, "sha512-QoOVnkIEFfbW4xPi+dpdft/zAKmgLgsRHfJalEPYuJDOWf7cLQzYg0DEh8/sn737FaeMJxHZRc1oBreiwZCjog=="],

    "lightningcss-win32-x64-msvc": ["lightningcss-win32-x64-msvc@1.29.1", "", { "os": "win32", "cpu": "x64" }, "sha512-NygcbThNBe4JElP+olyTI/doBNGJvLs3bFCRPdvuCcxZCcCZ71B858IHpdm7L1btZex0FvCmM17FK98Y9MRy1Q=="],

    "minimatch": ["minimatch@5.1.6", "", { "dependencies": { "brace-expansion": "^2.0.1" } }, "sha512-lKwV/1brpG6mBUFHtb7NUmtABCb2WZZmm2wNiOA5hAb8VdCS4B3dtMWyvcoViccwAW/COERjXLt0zP1zXUN26g=="],

    "nanoid": ["nanoid@3.3.8", "", { "bin": { "nanoid": "bin/nanoid.cjs" } }, "sha512-WNLf5Sd8oZxOm+TzppcYk8gVOgP+l58xNy58D0nbUnOxOWRWvlcCV4kUF7ltmI6PsrLl/BgKEyS4mqsGChFN0w=="],

    "once": ["once@1.4.0", "", { "dependencies": { "wrappy": "1" } }, "sha512-lNaJgI+2Q5URQBkccEKHTQOPaXdUxnZZElQTZY0MFUAuaEqe1E+Nyvgdz/aIyNi6Z9MzO5dv1H8n58/GELp3+w=="],

    "picocolors": ["picocolors@1.1.1", "", {}, "sha512-xceH2snhtb5M9liqDsmEw56le376mTZkEX/jEb/RxNFyegNul7eNslCXP9FDj/Lcu0X8KEyMceP2ntpaHrDEVA=="],

    "postcss": ["postcss@8.5.3", "", { "dependencies": { "nanoid": "^3.3.8", "picocolors": "^1.1.1", "source-map-js": "^1.2.1" } }, "sha512-dle9A3yYxlBSrt8Fu+IpjGT8SY8hN0mlaA6GY8t0P5PjIOZemULz/E2Bnm/2dcUOena75OTNkHI76uZBNUUq3A=="],

    "postcss-selector-parser": ["postcss-selector-parser@6.1.2", "", { "dependencies": { "cssesc": "^3.0.0", "util-deprecate": "^1.0.2" } }, "sha512-Q8qQfPiZ+THO/3ZrOrO0cJJKfpYCagtMUkXbnEfmgUjwXg6z/WBeOyS9APBBPCTSiDV+s4SwQGu8yFsiMRIudg=="],

    "purgecss": ["purgecss@5.0.0", "", { "dependencies": { "commander": "^9.0.0", "glob": "^8.0.3", "postcss": "^8.4.4", "postcss-selector-parser": "^6.0.7" }, "bin": { "purgecss": "bin/purgecss.js" } }, "sha512-RAnuxrGuVyLLTr8uMbKaxDRGWMgK5CCYDfRyUNNcaz5P3kGgD2b7ymQGYEyo2ST7Tl/ScwFgf5l3slKMxHSbrw=="],

    "source-map-js": ["source-map-js@1.2.1", "", {}, "sha512-UXWMKhLOwVKb728IUtQPXxfYU+usdybtUrK/8uGE8CQMvrhOpwvzDBwj0QhSL7MQc7vIsISBG8VQ8+IDQxpfQA=="],

    "util-deprecate": ["util-deprecate@1.0.2", "", {}, "sha512-EPD5q1uXyFxJpCrLnCc1nHnq3gOa6DZBocAIiI2TaSCA7VCJ1UJDMagCzIkXNsUYfD1daK//LTEQ8xiIbrHtcw=="],

    "wrappy": ["wrappy@1.0.2", "", {}, "sha512-l4Sp/DRseor9wL6EvV2+TuQn63dMkPjZ/sp9XkghTEbV9KlPS1xUsZ3u7/IQO4wxtcFB4bgpQPRcR3QCvezPcQ=="],
  }
}
